PODS:
  - CollectionViewPagingLayout (1.0.0)
  - Splash (0.13.0)
  - SwiftLint (0.41.0)

DEPENDENCIES:
  - CollectionViewPagingLayout (from `./../`)
  - Splash (from `https://github.com/amirdew/Splash.git`)
  - SwiftLint

SPEC REPOS:
  trunk:
    - SwiftLint

EXTERNAL SOURCES:
  CollectionViewPagingLayout:
    :path: "./../"
  Splash:
    :git: https://github.com/amirdew/Splash.git

CHECKOUT OPTIONS:
  Splash:
    :commit: 919ad99dfdc16b82665c44c3b6494f4e5f22bcec
    :git: https://github.com/amirdew/Splash.git

SPEC CHECKSUMS:
  CollectionViewPagingLayout: 8eb0ccd1103738e258031e9288402bdef72f137d
  Splash: 5ec9a07c4bbf047ddd659bfc11d35331d31004f7
  SwiftLint: c585ebd615d9520d7fbdbe151f527977b0534f1e

PODFILE CHECKSUM: ba360cc7c61c7efa5897648fc2987642be2e493e

COCOAPODS: 1.10.0
