{
  "object": {
    "pins": [
      {
        "package": "CollectionViewPagingLayout",
        "repositoryURL": "https://github.com/amirdew/CollectionViewPagingLayout",
        "state": {
          "branch": null,
          "revision": "d120b9c01469df42f371e2cf42d612cc04db8c94",
          "version": "0.3.0"
        }
      }
    ]
  },
  "version": 1
}
